
Microsoft Visual Studio Solution File, Format Version 12.00
# Visual Studio 15
VisualStudioVersion = 15.0.27703.2047
MinimumVisualStudioVersion = 10.0.40219.1
Project("{888888A0-9F3D-457C-B088-3A5042F75D52}") = "Robercik", "Robercik.pyproj", "{6FF76586-CDF4-42C4-ADB4-4A07BE7EB7C4}"
EndProject
Global
	GlobalSection(SolutionConfigurationPlatforms) = preSolution
		Debug|Any CPU = Debug|Any CPU
		Release|Any CPU = Release|Any CPU
	EndGlobalSection
	GlobalSection(ProjectConfigurationPlatforms) = postSolution
		{6FF76586-CDF4-42C4-ADB4-4A07BE7EB7C4}.Debug|Any CPU.ActiveCfg = Debug|Any CPU
		{6FF76586-CDF4-42C4-ADB4-4A07BE7EB7C4}.Release|Any CPU.ActiveCfg = Release|Any CPU
	EndGlobalSection
	GlobalSection(SolutionProperties) = preSolution
		HideSolutionNode = FALSE
	EndGlobalSection
	GlobalSection(ExtensibilityGlobals) = postSolution
		SolutionGuid = {502552F9-5A14-47E0-8EC6-57276B4A5128}
	EndGlobalSection
EndGlobal
